
Microsoft Visual Studio Solution File, Format Version 12.00
# Visual Studio Version 17
VisualStudioVersion = 17.4.33213.308
MinimumVisualStudioVersion = 10.0.40219.1
Project("{FAE04EC0-301F-11D3-BF4B-00C04F79EFBC}") = "Blazor.App", "Blazor.App\Blazor.App.csproj", "{58AD38A8-8C88-4B6E-9A58-5D43E16BDD30}"
EndProject
Global
	GlobalSection(SolutionConfigurationPlatforms) = preSolution
		Debug|Any CPU = Debug|Any CPU
		Release|Any CPU = Release|Any CPU
	EndGlobalSection
	GlobalSection(ProjectConfigurationPlatforms) = postSolution
		{58AD38A8-8C88-4B6E-9A58-5D43E16BDD30}.Debug|Any CPU.ActiveCfg = Debug|Any CPU
		{58AD38A8-8C88-4B6E-9A58-5D43E16BDD30}.Debug|Any CPU.Build.0 = Debug|Any CPU
		{58AD38A8-8C88-4B6E-9A58-5D43E16BDD30}.Release|Any CPU.ActiveCfg = Release|Any CPU
		{58AD38A8-8C88-4B6E-9A58-5D43E16BDD30}.Release|Any CPU.Build.0 = Release|Any CPU
	EndGlobalSection
	GlobalSection(SolutionProperties) = preSolution
		HideSolutionNode = FALSE
	EndGlobalSection
	GlobalSection(ExtensibilityGlobals) = postSolution
		SolutionGuid = {65D8BC73-2AC3-4E5B-9AB9-96CC874F77DA}
	EndGlobalSection
EndGlobal
